<Solution>
  <Project Path="../tests/Chasing.Lobster.Domain.Tests/Chasing.Lobster.Domain.Tests.csproj" />
  <Project Path="Chasing.Lobster.Api/Chasing.Lobster.Api.csproj" />
  <Project Path="Chasing.Lobster.Data/Chasing.Lobster.Data.csproj" />
  <Project Path="Chasing.Lobster.Domain/Chasing.Lobster.Domain.csproj" />
</Solution>
